
Microsoft Visual Studio Solution File, Format Version 12.00
# Visual Studio Version 16
VisualStudioVersion = 16.0.30309.148
MinimumVisualStudioVersion = 10.0.40219.1
Project("{9A19103F-16F7-4668-BE54-9A1E7A4F7556}") = "WbsAlgorithms", "WbsAlgorithms\WbsAlgorithms.csproj", "{8183B334-0314-4588-B354-2F213B7E7B96}"
EndProject
Project("{9A19103F-16F7-4668-BE54-9A1E7A4F7556}") = "WbsAlgorithmsTest", "WbsAlgorithmsTest\WbsAlgorithmsTest.csproj", "{C19FCE85-F694-4A20-9BA0-874700E4C2F1}"
EndProject
Project("{2150E333-8FDC-42A3-9474-1A3956D46DE8}") = "Experiments", "Experiments", "{77521571-6896-467A-9764-CE6A6AE35AC1}"
EndProject
Project("{9A19103F-16F7-4668-BE54-9A1E7A4F7556}") = "DiceSimulation", "Experiments\DiceSimulation\DiceSimulation.csproj", "{D4E28CD1-4805-45CB-946B-AC5D3BDC8343}"
EndProject
Project("{9A19103F-16F7-4668-BE54-9A1E7A4F7556}") = "Shuffling", "Experiments\Shuffling\Shuffling.csproj", "{DFBEAE9A-9285-4653-9D9B-A4465BE94BA2}"
EndProject
Global
	GlobalSection(SolutionConfigurationPlatforms) = preSolution
		Debug|Any CPU = Debug|Any CPU
		Release|Any CPU = Release|Any CPU
	EndGlobalSection
	GlobalSection(ProjectConfigurationPlatforms) = postSolution
		{8183B334-0314-4588-B354-2F213B7E7B96}.Debug|Any CPU.ActiveCfg = Debug|Any CPU
		{8183B334-0314-4588-B354-2F213B7E7B96}.Debug|Any CPU.Build.0 = Debug|Any CPU
		{8183B334-0314-4588-B354-2F213B7E7B96}.Release|Any CPU.ActiveCfg = Release|Any CPU
		{8183B334-0314-4588-B354-2F213B7E7B96}.Release|Any CPU.Build.0 = Release|Any CPU
		{C19FCE85-F694-4A20-9BA0-874700E4C2F1}.Debug|Any CPU.ActiveCfg = Debug|Any CPU
		{C19FCE85-F694-4A20-9BA0-874700E4C2F1}.Debug|Any CPU.Build.0 = Debug|Any CPU
		{C19FCE85-F694-4A20-9BA0-874700E4C2F1}.Release|Any CPU.ActiveCfg = Release|Any CPU
		{C19FCE85-F694-4A20-9BA0-874700E4C2F1}.Release|Any CPU.Build.0 = Release|Any CPU
		{D4E28CD1-4805-45CB-946B-AC5D3BDC8343}.Debug|Any CPU.ActiveCfg = Debug|Any CPU
		{D4E28CD1-4805-45CB-946B-AC5D3BDC8343}.Debug|Any CPU.Build.0 = Debug|Any CPU
		{D4E28CD1-4805-45CB-946B-AC5D3BDC8343}.Release|Any CPU.ActiveCfg = Release|Any CPU
		{D4E28CD1-4805-45CB-946B-AC5D3BDC8343}.Release|Any CPU.Build.0 = Release|Any CPU
		{DFBEAE9A-9285-4653-9D9B-A4465BE94BA2}.Debug|Any CPU.ActiveCfg = Debug|Any CPU
		{DFBEAE9A-9285-4653-9D9B-A4465BE94BA2}.Debug|Any CPU.Build.0 = Debug|Any CPU
		{DFBEAE9A-9285-4653-9D9B-A4465BE94BA2}.Release|Any CPU.ActiveCfg = Release|Any CPU
		{DFBEAE9A-9285-4653-9D9B-A4465BE94BA2}.Release|Any CPU.Build.0 = Release|Any CPU
	EndGlobalSection
	GlobalSection(SolutionProperties) = preSolution
		HideSolutionNode = FALSE
	EndGlobalSection
	GlobalSection(NestedProjects) = preSolution
		{D4E28CD1-4805-45CB-946B-AC5D3BDC8343} = {77521571-6896-467A-9764-CE6A6AE35AC1}
		{DFBEAE9A-9285-4653-9D9B-A4465BE94BA2} = {77521571-6896-467A-9764-CE6A6AE35AC1}
	EndGlobalSection
	GlobalSection(ExtensibilityGlobals) = postSolution
		SolutionGuid = {F9E973A8-4BE8-4E45-A4B1-92165375D219}
	EndGlobalSection
EndGlobal
