
Microsoft Visual Studio Solution File, Format Version 12.00
# Visual Studio Version 16
VisualStudioVersion = 16.0.30309.148
MinimumVisualStudioVersion = 10.0.40219.1
Project("{9A19103F-16F7-4668-BE54-9A1E7A4F7556}") = "WbsAlgorithms", "WbsAlgorithms\WbsAlgorithms.csproj", "{8183B334-0314-4588-B354-2F213B7E7B96}"
EndProject
Project("{9A19103F-16F7-4668-BE54-9A1E7A4F7556}") = "WbsAlgorithmsTest", "WbsAlgorithmsTest\WbsAlgorithmsTest.csproj", "{C19FCE85-F694-4A20-9BA0-874700E4C2F1}"
EndProject
Project("{FAE04EC0-301F-11D3-BF4B-00C04F79EFBC}") = "DiceSimulation", "DiceSimulation\DiceSimulation.csproj", "{43DBDE2C-B633-48AC-9A30-DEB1015763E4}"
EndProject
Global
	GlobalSection(SolutionConfigurationPlatforms) = preSolution
		Debug|Any CPU = Debug|Any CPU
		Release|Any CPU = Release|Any CPU
	EndGlobalSection
	GlobalSection(ProjectConfigurationPlatforms) = postSolution
		{8183B334-0314-4588-B354-2F213B7E7B96}.Debug|Any CPU.ActiveCfg = Debug|Any CPU
		{8183B334-0314-4588-B354-2F213B7E7B96}.Debug|Any CPU.Build.0 = Debug|Any CPU
		{8183B334-0314-4588-B354-2F213B7E7B96}.Release|Any CPU.ActiveCfg = Release|Any CPU
		{8183B334-0314-4588-B354-2F213B7E7B96}.Release|Any CPU.Build.0 = Release|Any CPU
		{C19FCE85-F694-4A20-9BA0-874700E4C2F1}.Debug|Any CPU.ActiveCfg = Debug|Any CPU
		{C19FCE85-F694-4A20-9BA0-874700E4C2F1}.Debug|Any CPU.Build.0 = Debug|Any CPU
		{C19FCE85-F694-4A20-9BA0-874700E4C2F1}.Release|Any CPU.ActiveCfg = Release|Any CPU
		{C19FCE85-F694-4A20-9BA0-874700E4C2F1}.Release|Any CPU.Build.0 = Release|Any CPU
		{43DBDE2C-B633-48AC-9A30-DEB1015763E4}.Debug|Any CPU.ActiveCfg = Debug|Any CPU
		{43DBDE2C-B633-48AC-9A30-DEB1015763E4}.Debug|Any CPU.Build.0 = Debug|Any CPU
		{43DBDE2C-B633-48AC-9A30-DEB1015763E4}.Release|Any CPU.ActiveCfg = Release|Any CPU
		{43DBDE2C-B633-48AC-9A30-DEB1015763E4}.Release|Any CPU.Build.0 = Release|Any CPU
	EndGlobalSection
	GlobalSection(SolutionProperties) = preSolution
		HideSolutionNode = FALSE
	EndGlobalSection
	GlobalSection(ExtensibilityGlobals) = postSolution
		SolutionGuid = {F9E973A8-4BE8-4E45-A4B1-92165375D219}
	EndGlobalSection
EndGlobal
